{
    "_readme": [
        "This file locks the dependencies of your project to a known state",
        "Read more about it at https://getcomposer.org/doc/01-basic-usage.md#installing-dependencies",
        "This file is @generated automatically"
    ],
    "content-hash": "bef792b185d14f8b81ddec1610035338",
    "packages": [
        {
            "name": "composer/installers",
            "version": "v1.9.0",
            "source": {
                "type": "git",
                "url": "https://github.com/composer/installers.git",
                "reference": "b93bcf0fa1fccb0b7d176b0967d969691cd74cca"
            },
            "dist": {
                "type": "zip",
                "url": "https://api.github.com/repos/composer/installers/zipball/b93bcf0fa1fccb0b7d176b0967d969691cd74cca",
                "reference": "b93bcf0fa1fccb0b7d176b0967d969691cd74cca",
                "shasum": ""
            },
            "require": {
                "composer-plugin-api": "^1.0 || ^2.0"
            },
            "replace": {
                "roundcube/plugin-installer": "*",
                "shama/baton": "*"
            },
            "require-dev": {
                "composer/composer": "1.6.* || 2.0.*@dev",
                "composer/semver": "1.0.* || 2.0.*@dev",
                "phpunit/phpunit": "^4.8.36",
                "sebastian/comparator": "^1.2.4",
                "symfony/process": "^2.3"
            },
            "type": "composer-plugin",
            "extra": {
                "class": "Composer\\Installers\\Plugin",
                "branch-alias": {
                    "dev-master": "1.0-dev"
                }
            },
            "autoload": {
                "psr-4": {
                    "Composer\\Installers\\": "src/Composer/Installers"
                }
            },
            "notification-url": "https://packagist.org/downloads/",
            "license": [
                "MIT"
            ],
            "authors": [
                {
                    "name": "Kyle Robinson Young",
                    "email": "kyle@dontkry.com",
                    "homepage": "https://github.com/shama"
                }
            ],
            "description": "A multi-framework Composer library installer",
            "homepage": "https://composer.github.io/installers/",
            "keywords": [
                "Craft",
                "Dolibarr",
                "Eliasis",
                "Hurad",
                "ImageCMS",
                "Kanboard",
                "Lan Management System",
                "MODX Evo",
                "MantisBT",
                "Mautic",
                "Maya",
                "OXID",
                "Plentymarkets",
                "Porto",
                "RadPHP",
                "SMF",
                "Thelia",
                "Whmcs",
                "WolfCMS",
                "agl",
                "aimeos",
                "annotatecms",
                "attogram",
                "bitrix",
                "cakephp",
                "chef",
                "cockpit",
                "codeigniter",
                "concrete5",
                "croogo",
                "dokuwiki",
                "drupal",
                "eZ Platform",
                "elgg",
                "expressionengine",
                "fuelphp",
                "grav",
                "installer",
                "itop",
                "joomla",
                "known",
                "kohana",
                "laravel",
                "lavalite",
                "lithium",
                "magento",
                "majima",
                "mako",
                "mediawiki",
                "modulework",
                "modx",
                "moodle",
                "osclass",
                "phpbb",
                "piwik",
                "ppi",
                "puppet",
                "pxcms",
                "reindex",
                "roundcube",
                "shopware",
                "silverstripe",
                "sydes",
                "sylius",
                "symfony",
                "typo3",
                "wordpress",
                "yawik",
                "zend",
                "zikula"
            ],
            "funding": [
                {
                    "url": "https://packagist.com",
                    "type": "custom"
                },
                {
                    "url": "https://tidelift.com/funding/github/packagist/composer/composer",
                    "type": "tidelift"
                }
            ],
            "time": "2020-04-07T06:57:05+00:00"
        },
        {
            "name": "enshrined/svg-sanitize",
            "version": "0.13.3",
            "source": {
                "type": "git",
                "url": "https://github.com/darylldoyle/svg-sanitizer.git",
                "reference": "bc66593f255b7d2613d8f22041180036979b6403"
            },
            "dist": {
                "type": "zip",
                "url": "https://api.github.com/repos/darylldoyle/svg-sanitizer/zipball/bc66593f255b7d2613d8f22041180036979b6403",
                "reference": "bc66593f255b7d2613d8f22041180036979b6403",
                "shasum": ""
            },
            "require": {
                "ext-dom": "*",
                "ext-libxml": "*"
            },
            "require-dev": {
                "codeclimate/php-test-reporter": "^0.1.2",
                "phpunit/phpunit": "^6"
            },
            "type": "library",
            "autoload": {
                "psr-4": {
                    "enshrined\\svgSanitize\\": "src"
                }
            },
            "notification-url": "https://packagist.org/downloads/",
            "license": [
                "GPL-2.0-or-later"
            ],
            "authors": [
                {
                    "name": "Daryll Doyle",
                    "email": "daryll@enshrined.co.uk"
                }
            ],
            "description": "An SVG sanitizer for PHP",
            "time": "2020-01-20T01:34:17+00:00"
        },
        {
            "name": "johnpbloch/wordpress-core",
            "version": "5.5.1",
            "source": {
                "type": "git",
                "url": "https://github.com/johnpbloch/wordpress-core.git",
                "reference": "fa5bcb1579eae33baef6c04355f8d6657e5bd349"
            },
            "dist": {
                "type": "zip",
                "url": "https://api.github.com/repos/johnpbloch/wordpress-core/zipball/fa5bcb1579eae33baef6c04355f8d6657e5bd349",
                "reference": "fa5bcb1579eae33baef6c04355f8d6657e5bd349",
                "shasum": ""
            },
            "require": {
                "ext-json": "*",
                "php": ">=5.6.20"
            },
            "provide": {
                "wordpress/core-implementation": "5.5.1"
            },
            "type": "wordpress-core",
            "notification-url": "https://packagist.org/downloads/",
            "license": [
                "GPL-2.0-or-later"
            ],
            "authors": [
                {
                    "name": "WordPress Community",
                    "homepage": "https://wordpress.org/about/"
                }
            ],
            "description": "WordPress is open source software you can use to create a beautiful website, blog, or app.",
            "homepage": "https://wordpress.org/",
            "keywords": [
                "blog",
                "cms",
                "wordpress"
            ],
            "time": "2020-09-01T19:07:35+00:00"
        },
        {
            "name": "johnpbloch/wordpress-core-installer",
            "version": "1.0.2",
            "source": {
                "type": "git",
                "url": "https://github.com/johnpbloch/wordpress-core-installer.git",
                "reference": "fd12f5cfe27223b92b0f4bbc097059eb23cc56c4"
            },
            "dist": {
                "type": "zip",
                "url": "https://api.github.com/repos/johnpbloch/wordpress-core-installer/zipball/fd12f5cfe27223b92b0f4bbc097059eb23cc56c4",
                "reference": "fd12f5cfe27223b92b0f4bbc097059eb23cc56c4",
                "shasum": ""
            },
            "require": {
                "composer-plugin-api": "^1.0"
            },
            "conflict": {
                "composer/installers": "<1.0.6"
            },
            "require-dev": {
                "composer/composer": "^1.0",
                "phpunit/phpunit": ">=4.8.35"
            },
            "type": "composer-plugin",
            "extra": {
                "class": "johnpbloch\\Composer\\WordPressCorePlugin"
            },
            "autoload": {
                "psr-0": {
                    "johnpbloch\\Composer\\": "src/"
                }
            },
            "notification-url": "https://packagist.org/downloads/",
            "license": [
                "GPL-2.0-or-later"
            ],
            "authors": [
                {
                    "name": "John P. Bloch",
                    "email": "me@johnpbloch.com"
                }
            ],
            "description": "A custom installer to handle deploying WordPress with composer",
            "keywords": [
                "wordpress"
            ],
            "time": "2018-11-09T20:10:38+00:00"
        },
        {
            "name": "koodimonni-language/fi",
            "version": "5.5.1",
            "dist": {
                "type": "zip",
                "url": "https://downloads.wordpress.org/translation/core/5.5.1/fi.zip"
            },
            "require": {
                "koodimonni-plugin-language/akismet-fi": "*",
                "koodimonni-plugin-language/bbpress-fi": "*",
                "koodimonni-plugin-language/woocommerce-fi": "*",
                "koodimonni-plugin-language/wordpress-importer-fi": "*",
                "koodimonni-theme-language/twentyeleven-fi": "*",
                "koodimonni-theme-language/twentyfifteen-fi": "*",
                "koodimonni-theme-language/twentyfourteen-fi": "*",
                "koodimonni-theme-language/twentysixteen-fi": "*",
                "koodimonni-theme-language/twentyten-fi": "*",
                "koodimonni-theme-language/twentythirteen-fi": "*",
                "koodimonni-theme-language/twentytwelve-fi": "*",
                "koodimonni/composer-dropin-installer": ">=0.2.3"
            },
            "type": "wordpress-language",
            "description": "Full Wordpress translation (including themes and core plugins) for Finnish - fi",
            "keywords": [
                "Full-Package",
                "Translation",
                "Wordpress",
                "fi",
                "twentysixteen"
            ]
        },
        {
            "name": "koodimonni-language/sv_se",
            "version": "5.5.1",
            "dist": {
                "type": "zip",
                "url": "https://downloads.wordpress.org/translation/core/5.5.1/sv_SE.zip"
            },
            "require": {
                "koodimonni-plugin-language/akismet-sv_se": "*",
                "koodimonni-plugin-language/bbpress-sv_se": "*",
                "koodimonni-plugin-language/woocommerce-sv_se": "*",
                "koodimonni-plugin-language/wordpress-importer-sv_se": "*",
                "koodimonni-theme-language/twentyeleven-sv_se": "*",
                "koodimonni-theme-language/twentyfifteen-sv_se": "*",
                "koodimonni-theme-language/twentyfourteen-sv_se": "*",
                "koodimonni-theme-language/twentysixteen-sv_se": "*",
                "koodimonni-theme-language/twentyten-sv_se": "*",
                "koodimonni-theme-language/twentythirteen-sv_se": "*",
                "koodimonni-theme-language/twentytwelve-sv_se": "*",
                "koodimonni/composer-dropin-installer": ">=0.2.3"
            },
            "type": "wordpress-language",
            "description": "Full Wordpress translation (including themes and core plugins) for Swedish - sv_se",
            "keywords": [
                "Full-Package",
                "Translation",
                "Wordpress",
                "sv_se",
                "twentysixteen"
            ]
        },
        {
            "name": "koodimonni-plugin-language/akismet-fi",
            "version": "4.1.7",
            "dist": {
                "type": "zip",
                "url": "https://downloads.wordpress.org/translation/plugin/akismet/4.1.7/fi.zip"
            },
            "require": {
                "koodimonni/composer-dropin-installer": ">=0.2.3"
            },
            "type": "wordpress-language",
            "description": "Wordpress akismet translation for Finnish - fi",
            "keywords": [
                "Translation",
                "Wordpress",
                "akismet",
                "fi"
            ]
        },
        {
            "name": "koodimonni-plugin-language/akismet-sv_se",
            "version": "4.1.7",
            "dist": {
                "type": "zip",
                "url": "https://downloads.wordpress.org/translation/plugin/akismet/4.1.7/sv_SE.zip"
            },
            "require": {
                "koodimonni/composer-dropin-installer": ">=0.2.3"
            },
            "type": "wordpress-language",
            "description": "Wordpress akismet translation for Swedish - sv_se",
            "keywords": [
                "Translation",
                "Wordpress",
                "akismet",
                "sv_se"
            ]
        },
        {
            "name": "koodimonni-plugin-language/bbpress-fi",
            "version": "2.6.5",
            "dist": {
                "type": "zip",
                "url": "https://downloads.wordpress.org/translation/plugin/bbpress/2.6.5/fi.zip"
            },
            "require": {
                "koodimonni/composer-dropin-installer": ">=0.2.3"
            },
            "type": "wordpress-language",
            "description": "Wordpress bbpress translation for Finnish - fi",
            "keywords": [
                "Translation",
                "Wordpress",
                "bbpress",
                "fi"
            ]
        },
        {
            "name": "koodimonni-plugin-language/bbpress-sv_se",
            "version": "2.6.5",
            "dist": {
                "type": "zip",
                "url": "https://downloads.wordpress.org/translation/plugin/bbpress/2.6.5/sv_SE.zip"
            },
            "require": {
                "koodimonni/composer-dropin-installer": ">=0.2.3"
            },
            "type": "wordpress-language",
            "description": "Wordpress bbpress translation for Swedish - sv_se",
            "keywords": [
                "Translation",
                "Wordpress",
                "bbpress",
                "sv_se"
            ]
        },
        {
            "name": "koodimonni-plugin-language/woocommerce-fi",
            "version": "4.6.1",
            "dist": {
                "type": "zip",
                "url": "https://downloads.wordpress.org/translation/plugin/woocommerce/4.6.1/fi.zip"
            },
            "require": {
                "koodimonni/composer-dropin-installer": ">=0.2.3"
            },
            "type": "wordpress-language",
            "description": "Wordpress woocommerce translation for Finnish - fi",
            "keywords": [
                "Translation",
                "Wordpress",
                "fi",
                "woocommerce"
            ]
        },
        {
            "name": "koodimonni-plugin-language/woocommerce-sv_se",
            "version": "4.6.1",
            "dist": {
                "type": "zip",
                "url": "https://downloads.wordpress.org/translation/plugin/woocommerce/4.6.1/sv_SE.zip"
            },
            "require": {
                "koodimonni/composer-dropin-installer": ">=0.2.3"
            },
            "type": "wordpress-language",
            "description": "Wordpress woocommerce translation for Swedish - sv_se",
            "keywords": [
                "Translation",
                "Wordpress",
                "sv_se",
                "woocommerce"
            ]
        },
        {
            "name": "koodimonni-plugin-language/wordpress-importer-fi",
            "version": "0.7",
            "dist": {
                "type": "zip",
                "url": "https://downloads.wordpress.org/translation/plugin/wordpress-importer/0.7/fi.zip"
            },
            "require": {
                "koodimonni/composer-dropin-installer": ">=0.2.3"
            },
            "type": "wordpress-language",
            "description": "Wordpress wordpress-importer translation for Finnish - fi",
            "keywords": [
                "Translation",
                "Wordpress",
                "fi",
                "wordpress-importer"
            ]
        },
        {
            "name": "koodimonni-plugin-language/wordpress-importer-sv_se",
            "version": "0.7",
            "dist": {
                "type": "zip",
                "url": "https://downloads.wordpress.org/translation/plugin/wordpress-importer/0.7/sv_SE.zip"
            },
            "require": {
                "koodimonni/composer-dropin-installer": ">=0.2.3"
            },
            "type": "wordpress-language",
            "description": "Wordpress wordpress-importer translation for Swedish - sv_se",
            "keywords": [
                "Translation",
                "Wordpress",
                "sv_se",
                "wordpress-importer"
            ]
        },
        {
            "name": "koodimonni-theme-language/twentyeleven-fi",
            "version": "3.5",
            "dist": {
                "type": "zip",
                "url": "https://downloads.wordpress.org/translation/theme/twentyeleven/3.5/fi.zip"
            },
            "require": {
                "koodimonni/composer-dropin-installer": ">=0.2.3"
            },
            "type": "wordpress-language",
            "description": "Wordpress twentyeleven translation for Finnish - fi",
            "keywords": [
                "Translation",
                "Wordpress",
                "fi",
                "twentyeleven"
            ]
        },
        {
            "name": "koodimonni-theme-language/twentyeleven-sv_se",
            "version": "3.5",
            "dist": {
                "type": "zip",
                "url": "https://downloads.wordpress.org/translation/theme/twentyeleven/3.5/sv_SE.zip"
            },
            "require": {
                "koodimonni/composer-dropin-installer": ">=0.2.3"
            },
            "type": "wordpress-language",
            "description": "Wordpress twentyeleven translation for Swedish - sv_se",
            "keywords": [
                "Translation",
                "Wordpress",
                "sv_se",
                "twentyeleven"
            ]
        },
        {
            "name": "koodimonni-theme-language/twentyfifteen-fi",
            "version": "2.7",
            "dist": {
                "type": "zip",
                "url": "https://downloads.wordpress.org/translation/theme/twentyfifteen/2.7/fi.zip"
            },
            "require": {
                "koodimonni/composer-dropin-installer": ">=0.2.3"
            },
            "type": "wordpress-language",
            "description": "Wordpress twentyfifteen translation for Finnish - fi",
            "keywords": [
                "Translation",
                "Wordpress",
                "fi",
                "twentyfifteen"
            ]
        },
        {
            "name": "koodimonni-theme-language/twentyfifteen-sv_se",
            "version": "2.7",
            "dist": {
                "type": "zip",
                "url": "https://downloads.wordpress.org/translation/theme/twentyfifteen/2.7/sv_SE.zip"
            },
            "require": {
                "koodimonni/composer-dropin-installer": ">=0.2.3"
            },
            "type": "wordpress-language",
            "description": "Wordpress twentyfifteen translation for Swedish - sv_se",
            "keywords": [
                "Translation",
                "Wordpress",
                "sv_se",
                "twentyfifteen"
            ]
        },
        {
            "name": "koodimonni-theme-language/twentyfourteen-fi",
            "version": "2.9",
            "dist": {
                "type": "zip",
                "url": "https://downloads.wordpress.org/translation/theme/twentyfourteen/2.9/fi.zip"
            },
            "require": {
                "koodimonni/composer-dropin-installer": ">=0.2.3"
            },
            "type": "wordpress-language",
            "description": "Wordpress twentyfourteen translation for Finnish - fi",
            "keywords": [
                "Translation",
                "Wordpress",
                "fi",
                "twentyfourteen"
            ]
        },
        {
            "name": "koodimonni-theme-language/twentyfourteen-sv_se",
            "version": "2.9",
            "dist": {
                "type": "zip",
                "url": "https://downloads.wordpress.org/translation/theme/twentyfourteen/2.9/sv_SE.zip"
            },
            "require": {
                "koodimonni/composer-dropin-installer": ">=0.2.3"
            },
            "type": "wordpress-language",
            "description": "Wordpress twentyfourteen translation for Swedish - sv_se",
            "keywords": [
                "Translation",
                "Wordpress",
                "sv_se",
                "twentyfourteen"
            ]
        },
        {
            "name": "koodimonni-theme-language/twentysixteen-fi",
            "version": "2.2",
            "dist": {
                "type": "zip",
                "url": "https://downloads.wordpress.org/translation/theme/twentysixteen/2.2/fi.zip"
            },
            "require": {
                "koodimonni/composer-dropin-installer": ">=0.2.3"
            },
            "type": "wordpress-language",
            "description": "Wordpress twentysixteen translation for Finnish - fi",
            "keywords": [
                "Translation",
                "Wordpress",
                "fi",
                "twentysixteen"
            ]
        },
        {
            "name": "koodimonni-theme-language/twentysixteen-sv_se",
            "version": "2.2",
            "dist": {
                "type": "zip",
                "url": "https://downloads.wordpress.org/translation/theme/twentysixteen/2.2/sv_SE.zip"
            },
            "require": {
                "koodimonni/composer-dropin-installer": ">=0.2.3"
            },
            "type": "wordpress-language",
            "description": "Wordpress twentysixteen translation for Swedish - sv_se",
            "keywords": [
                "Translation",
                "Wordpress",
                "sv_se",
                "twentysixteen"
            ]
        },
        {
            "name": "koodimonni-theme-language/twentyten-fi",
            "version": "3.1",
            "dist": {
                "type": "zip",
                "url": "https://downloads.wordpress.org/translation/theme/twentyten/3.1/fi.zip"
            },
            "require": {
                "koodimonni/composer-dropin-installer": ">=0.2.3"
            },
            "type": "wordpress-language",
            "description": "Wordpress twentyten translation for Finnish - fi",
            "keywords": [
                "Translation",
                "Wordpress",
                "fi",
                "twentyten"
            ]
        },
        {
            "name": "koodimonni-theme-language/twentyten-sv_se",
            "version": "3.1",
            "dist": {
                "type": "zip",
                "url": "https://downloads.wordpress.org/translation/theme/twentyten/3.1/sv_SE.zip"
            },
            "require": {
                "koodimonni/composer-dropin-installer": ">=0.2.3"
            },
            "type": "wordpress-language",
            "description": "Wordpress twentyten translation for Swedish - sv_se",
            "keywords": [
                "Translation",
                "Wordpress",
                "sv_se",
                "twentyten"
            ]
        },
        {
            "name": "koodimonni-theme-language/twentythirteen-fi",
            "version": "3.1",
            "dist": {
                "type": "zip",
                "url": "https://downloads.wordpress.org/translation/theme/twentythirteen/3.1/fi.zip"
            },
            "require": {
                "koodimonni/composer-dropin-installer": ">=0.2.3"
            },
            "type": "wordpress-language",
            "description": "Wordpress twentythirteen translation for Finnish - fi",
            "keywords": [
                "Translation",
                "Wordpress",
                "fi",
                "twentythirteen"
            ]
        },
        {
            "name": "koodimonni-theme-language/twentythirteen-sv_se",
            "version": "3.1",
            "dist": {
                "type": "zip",
                "url": "https://downloads.wordpress.org/translation/theme/twentythirteen/3.1/sv_SE.zip"
            },
            "require": {
                "koodimonni/composer-dropin-installer": ">=0.2.3"
            },
            "type": "wordpress-language",
            "description": "Wordpress twentythirteen translation for Swedish - sv_se",
            "keywords": [
                "Translation",
                "Wordpress",
                "sv_se",
                "twentythirteen"
            ]
        },
        {
            "name": "koodimonni-theme-language/twentytwelve-fi",
            "version": "3.2",
            "dist": {
                "type": "zip",
                "url": "https://downloads.wordpress.org/translation/theme/twentytwelve/3.2/fi.zip"
            },
            "require": {
                "koodimonni/composer-dropin-installer": ">=0.2.3"
            },
            "type": "wordpress-language",
            "description": "Wordpress twentytwelve translation for Finnish - fi",
            "keywords": [
                "Translation",
                "Wordpress",
                "fi",
                "twentytwelve"
            ]
        },
        {
            "name": "koodimonni-theme-language/twentytwelve-sv_se",
            "version": "3.2",
            "dist": {
                "type": "zip",
                "url": "https://downloads.wordpress.org/translation/theme/twentytwelve/3.2/sv_SE.zip"
            },
            "require": {
                "koodimonni/composer-dropin-installer": ">=0.2.3"
            },
            "type": "wordpress-language",
            "description": "Wordpress twentytwelve translation for Swedish - sv_se",
            "keywords": [
                "Translation",
                "Wordpress",
                "sv_se",
                "twentytwelve"
            ]
        },
        {
            "name": "koodimonni/composer-dropin-installer",
            "version": "1.3",
            "source": {
                "type": "git",
                "url": "https://github.com/Koodimonni/Composer-Dropin-Installer.git",
                "reference": "2ebddd0ead26f52962be385dcc85057be4c5a69e"
            },
            "dist": {
                "type": "zip",
                "url": "https://api.github.com/repos/Koodimonni/Composer-Dropin-Installer/zipball/2ebddd0ead26f52962be385dcc85057be4c5a69e",
                "reference": "2ebddd0ead26f52962be385dcc85057be4c5a69e",
                "shasum": ""
            },
            "require": {
                "composer-plugin-api": "^1.0 | ^2.0",
                "php": ">=5.3.2"
            },
            "require-dev": {
                "phpunit/phpunit": "^5.7"
            },
            "type": "composer-plugin",
            "extra": {
                "class": "Koodimonni\\Composer\\Dropin"
            },
            "autoload": {
                "psr-4": {
                    "Koodimonni\\Composer\\": "src/"
                }
            },
            "notification-url": "https://packagist.org/downloads/",
            "license": [
                "WTFPL"
            ],
            "authors": [
                {
                    "name": "Onni Hakala",
                    "email": "onni@koodimonni.fi",
                    "role": "Developer"
                }
            ],
            "description": "Install packages or a few files from packages into custom paths without overwriting existing stuff.",
            "time": "2020-08-17T07:41:05+00:00"
        },
        {
            "name": "seravo/seravo-plugin",
            "version": "1.9.24",
            "source": {
                "type": "git",
                "url": "https://github.com/Seravo/seravo-plugin.git",
                "reference": "9141d6c0251ebb55bb68dfb65452e6f12220d575"
            },
            "dist": {
                "type": "zip",
                "url": "https://api.github.com/repos/Seravo/seravo-plugin/zipball/9141d6c0251ebb55bb68dfb65452e6f12220d575",
                "reference": "9141d6c0251ebb55bb68dfb65452e6f12220d575",
                "shasum": ""
            },
            "require": {
                "composer/installers": "^1.0",
                "enshrined/svg-sanitize": ">=0.13.3"
            },
            "type": "wordpress-muplugin",
            "notification-url": "https://packagist.org/downloads/",
            "license": [
                "GPL-2.0-or-later"
            ],
            "authors": [
                {
                    "name": "Otto Kekäläinen",
                    "email": "otto@seravo.com",
                    "homepage": "https://github.com/ottok"
                },
                {
                    "name": "Leo Toikka",
                    "email": "leo@seravo.com"
                },
                {
                    "name": "Simo Kemppainen",
                    "email": "simo@seravo.com"
                }
            ],
            "description": "Enhances WordPress with Seravo.com specific features and integrations",
            "homepage": "http://seravo.com",
            "keywords": [
                "seravo",
                "seravo.com",
                "wordpress",
                "wp",
                "wp-palvelu"
            ],
            "time": "2020-09-14T08:39:39+00:00"
        },
        {
            "name": "symfony/polyfill-ctype",
            "version": "v1.20.0",
            "source": {
                "type": "git",
                "url": "https://github.com/symfony/polyfill-ctype.git",
                "reference": "f4ba089a5b6366e453971d3aad5fe8e897b37f41"
            },
            "dist": {
                "type": "zip",
                "url": "https://api.github.com/repos/symfony/polyfill-ctype/zipball/f4ba089a5b6366e453971d3aad5fe8e897b37f41",
                "reference": "f4ba089a5b6366e453971d3aad5fe8e897b37f41",
                "shasum": ""
            },
            "require": {
                "php": ">=7.1"
            },
            "suggest": {
                "ext-ctype": "For best performance"
            },
            "type": "library",
            "extra": {
                "branch-alias": {
                    "dev-main": "1.20-dev"
                },
                "thanks": {
                    "name": "symfony/polyfill",
                    "url": "https://github.com/symfony/polyfill"
                }
            },
            "autoload": {
                "psr-4": {
                    "Symfony\\Polyfill\\Ctype\\": ""
                },
                "files": [
                    "bootstrap.php"
                ]
            },
            "notification-url": "https://packagist.org/downloads/",
            "license": [
                "MIT"
            ],
            "authors": [
                {
                    "name": "Gert de Pagter",
                    "email": "BackEndTea@gmail.com"
                },
                {
                    "name": "Symfony Community",
                    "homepage": "https://symfony.com/contributors"
                }
            ],
            "description": "Symfony polyfill for ctype functions",
            "homepage": "https://symfony.com",
            "keywords": [
                "compatibility",
                "ctype",
                "polyfill",
                "portable"
            ],
            "funding": [
                {
                    "url": "https://symfony.com/sponsor",
                    "type": "custom"
                },
                {
                    "url": "https://github.com/fabpot",
                    "type": "github"
                },
                {
                    "url": "https://tidelift.com/funding/github/packagist/symfony/symfony",
                    "type": "tidelift"
                }
            ],
            "time": "2020-10-23T14:02:19+00:00"
        },
        {
            "name": "vlucas/phpdotenv",
            "version": "v2.6.6",
            "source": {
                "type": "git",
                "url": "https://github.com/vlucas/phpdotenv.git",
                "reference": "e1d57f62db3db00d9139078cbedf262280701479"
            },
            "dist": {
                "type": "zip",
                "url": "https://api.github.com/repos/vlucas/phpdotenv/zipball/e1d57f62db3db00d9139078cbedf262280701479",
                "reference": "e1d57f62db3db00d9139078cbedf262280701479",
                "shasum": ""
            },
            "require": {
                "php": "^5.3.9 || ^7.0 || ^8.0",
                "symfony/polyfill-ctype": "^1.17"
            },
            "require-dev": {
                "ext-filter": "*",
                "ext-pcre": "*",
                "phpunit/phpunit": "^4.8.35 || ^5.7.27"
            },
            "suggest": {
                "ext-filter": "Required to use the boolean validator.",
                "ext-pcre": "Required to use most of the library."
            },
            "type": "library",
            "extra": {
                "branch-alias": {
                    "dev-master": "2.6-dev"
                }
            },
            "autoload": {
                "psr-4": {
                    "Dotenv\\": "src/"
                }
            },
            "notification-url": "https://packagist.org/downloads/",
            "license": [
                "BSD-3-Clause"
            ],
            "authors": [
                {
                    "name": "Graham Campbell",
                    "email": "graham@alt-three.com",
                    "homepage": "https://gjcampbell.co.uk/"
                },
                {
                    "name": "Vance Lucas",
                    "email": "vance@vancelucas.com",
                    "homepage": "https://vancelucas.com/"
                }
            ],
            "description": "Loads environment variables from `.env` to `getenv()`, `$_ENV` and `$_SERVER` automagically.",
            "keywords": [
                "dotenv",
                "env",
                "environment"
            ],
            "funding": [
                {
                    "url": "https://github.com/GrahamCampbell",
                    "type": "github"
                },
                {
                    "url": "https://tidelift.com/funding/github/packagist/vlucas/phpdotenv",
                    "type": "tidelift"
                }
            ],
            "time": "2020-07-14T17:54:18+00:00"
        },
        {
            "name": "wpackagist-plugin/google-site-kit",
            "version": "1.18.0",
            "source": {
                "type": "svn",
                "url": "https://plugins.svn.wordpress.org/google-site-kit/",
                "reference": "tags/1.18.0"
            },
            "dist": {
                "type": "zip",
                "url": "https://downloads.wordpress.org/plugin/google-site-kit.1.18.0.zip"
            },
            "require": {
                "composer/installers": "~1.0"
            },
            "type": "wordpress-plugin",
            "homepage": "https://wordpress.org/plugins/google-site-kit/"
        },
        {
            "name": "wpackagist-plugin/native-lazyload",
            "version": "1.0.2",
            "source": {
                "type": "svn",
                "url": "https://plugins.svn.wordpress.org/native-lazyload/",
                "reference": "tags/1.0.2"
            },
            "dist": {
                "type": "zip",
                "url": "https://downloads.wordpress.org/plugin/native-lazyload.1.0.2.zip"
            },
            "require": {
                "composer/installers": "~1.0"
            },
            "type": "wordpress-plugin",
            "homepage": "https://wordpress.org/plugins/native-lazyload/"
        },
        {
            "name": "wpackagist-theme/twentynineteen",
            "version": "1.7",
            "source": {
                "type": "svn",
                "url": "https://themes.svn.wordpress.org/twentynineteen/",
                "reference": "1.7"
            },
            "dist": {
                "type": "zip",
                "url": "https://downloads.wordpress.org/theme/twentynineteen.1.7.zip"
            },
            "require": {
                "composer/installers": "~1.0"
            },
            "type": "wordpress-theme",
            "homepage": "https://wordpress.org/themes/twentynineteen/"
        }
    ],
    "packages-dev": [],
    "aliases": [],
    "minimum-stability": "stable",
    "stability-flags": [],
    "prefer-stable": true,
    "prefer-lowest": false,
    "platform": {
        "php": ">=7.2"
    },
    "platform-dev": [],
    "plugin-api-version": "1.1.0"
}
